
Microsoft Visual Studio Solution File, Format Version 12.00
# Visual Studio Version 16
VisualStudioVersion = 17.0.31611.283
MinimumVisualStudioVersion = 10.0.40219.1
Project("{9A19103F-16F7-4668-BE54-9A1E7A4F7556}") = "PostsApp", "NewsApp\PostsApp.csproj", "{E54839CB-9258-4AD0-8874-90C308D1B15C}"
EndProject
Project("{FAE04EC0-301F-11D3-BF4B-00C04F79EFBC}") = "PostsApp.IntegrationTests", "PostsApp.IntegrationTests\PostsApp.IntegrationTests.csproj", "{67064BFE-D562-4020-9668-BECECA73C611}"
EndProject
Global
	GlobalSection(SolutionConfigurationPlatforms) = preSolution
		Debug|Any CPU = Debug|Any CPU
		Release|Any CPU = Release|Any CPU
	EndGlobalSection
	GlobalSection(ProjectConfigurationPlatforms) = postSolution
		{E54839CB-9258-4AD0-8874-90C308D1B15C}.Debug|Any CPU.ActiveCfg = Debug|Any CPU
		{E54839CB-9258-4AD0-8874-90C308D1B15C}.Debug|Any CPU.Build.0 = Debug|Any CPU
		{E54839CB-9258-4AD0-8874-90C308D1B15C}.Debug|Any CPU.Deploy.0 = Debug|Any CPU
		{E54839CB-9258-4AD0-8874-90C308D1B15C}.Release|Any CPU.ActiveCfg = Release|Any CPU
		{E54839CB-9258-4AD0-8874-90C308D1B15C}.Release|Any CPU.Build.0 = Release|Any CPU
		{E54839CB-9258-4AD0-8874-90C308D1B15C}.Release|Any CPU.Deploy.0 = Release|Any CPU
		{67064BFE-D562-4020-9668-BECECA73C611}.Debug|Any CPU.ActiveCfg = Debug|Any CPU
		{67064BFE-D562-4020-9668-BECECA73C611}.Debug|Any CPU.Build.0 = Debug|Any CPU
		{67064BFE-D562-4020-9668-BECECA73C611}.Release|Any CPU.ActiveCfg = Release|Any CPU
		{67064BFE-D562-4020-9668-BECECA73C611}.Release|Any CPU.Build.0 = Release|Any CPU
	EndGlobalSection
	GlobalSection(SolutionProperties) = preSolution
		HideSolutionNode = FALSE
	EndGlobalSection
	GlobalSection(ExtensibilityGlobals) = postSolution
		SolutionGuid = {61F7FB11-1E47-470C-91E2-47F8143E1572}
	EndGlobalSection
EndGlobal
